
Microsoft Visual Studio Solution File, Format Version 12.00
# Visual Studio 2012
Project("{FAE04EC0-301F-11D3-BF4B-00C04F79EFBC}") = "jenkintaskconsole", "jenkintaskconsole\jenkintaskconsole.csproj", "{07C0BA16-22E1-48A2-9AB8-CE9C69496277}"
EndProject
Project("{FAE04EC0-301F-11D3-BF4B-00C04F79EFBC}") = "UnitTestProject1", "UnitTestProject1\UnitTestProject1.csproj", "{9B18CDF6-457A-4687-91AC-3FF0AAE65D74}"
EndProject
Global
	GlobalSection(SolutionConfigurationPlatforms) = preSolution
		Debug|Any CPU = Debug|Any CPU
		Release|Any CPU = Release|Any CPU
	EndGlobalSection
	GlobalSection(ProjectConfigurationPlatforms) = postSolution
		{07C0BA16-22E1-48A2-9AB8-CE9C69496277}.Debug|Any CPU.ActiveCfg = Debug|Any CPU
		{07C0BA16-22E1-48A2-9AB8-CE9C69496277}.Debug|Any CPU.Build.0 = Debug|Any CPU
		{07C0BA16-22E1-48A2-9AB8-CE9C69496277}.Release|Any CPU.ActiveCfg = Release|Any CPU
		{07C0BA16-22E1-48A2-9AB8-CE9C69496277}.Release|Any CPU.Build.0 = Release|Any CPU
		{9B18CDF6-457A-4687-91AC-3FF0AAE65D74}.Debug|Any CPU.ActiveCfg = Debug|Any CPU
		{9B18CDF6-457A-4687-91AC-3FF0AAE65D74}.Debug|Any CPU.Build.0 = Debug|Any CPU
		{9B18CDF6-457A-4687-91AC-3FF0AAE65D74}.Release|Any CPU.ActiveCfg = Release|Any CPU
		{9B18CDF6-457A-4687-91AC-3FF0AAE65D74}.Release|Any CPU.Build.0 = Release|Any CPU
	EndGlobalSection
	GlobalSection(SolutionProperties) = preSolution
		HideSolutionNode = FALSE
	EndGlobalSection
EndGlobal
